
Microsoft Visual Studio Solution File, Format Version 12.00
# Visual Studio Version 16
VisualStudioVersion = 25.0.1706.7
MinimumVisualStudioVersion = 10.0.40219.1
Project("{FAE04EC0-301F-11D3-BF4B-00C04F79EFBC}") = "Week13SQLiteDB", "Week13SQLiteDB\Week13SQLiteDB.csproj", "{143FBBAF-BBDF-4834-A2AD-8B9973919D60}"
EndProject
Global
	GlobalSection(SolutionConfigurationPlatforms) = preSolution
		Debug|Any CPU = Debug|Any CPU
		Release|Any CPU = Release|Any CPU
	EndGlobalSection
	GlobalSection(ProjectConfigurationPlatforms) = postSolution
		{143FBBAF-BBDF-4834-A2AD-8B9973919D60}.Debug|Any CPU.ActiveCfg = Debug|Any CPU
		{143FBBAF-BBDF-4834-A2AD-8B9973919D60}.Debug|Any CPU.Build.0 = Debug|Any CPU
		{143FBBAF-BBDF-4834-A2AD-8B9973919D60}.Release|Any CPU.ActiveCfg = Release|Any CPU
		{143FBBAF-BBDF-4834-A2AD-8B9973919D60}.Release|Any CPU.Build.0 = Release|Any CPU
	EndGlobalSection
	GlobalSection(SolutionProperties) = preSolution
		HideSolutionNode = FALSE
	EndGlobalSection
	GlobalSection(ExtensibilityGlobals) = postSolution
		SolutionGuid = {859FE14E-9C83-47E2-A6A8-C2B666FE9684}
	EndGlobalSection
EndGlobal
